{
    "_meta": {
        "hash": {
            "sha256": "2084ebbb7fbd488478dc4f2072d09a15cfa2b693bfb0d371d67b827adc8a8fad"
        },
        "pipfile-spec": 6,
        "requires": {
            "python_version": "3.12"
        },
        "sources": [
            {
                "name": "pypi",
                "url": "https://pypi.org/simple",
                "verify_ssl": true
            }
        ]
    },
    "default": {
        "asgiref": {
            "hashes": [
                "sha256:3e1e3ecc849832fe52ccf2cb6686b7a55f82bb1d6aee72a58826471390335e47",
                "sha256:c343bd80a0bec947a9860adb4c432ffa7db769836c64238fc34bdc3fec84d590"
            ],
            "markers": "python_version >= '3.8'",
            "version": "==3.8.1"
        },
        "django": {
            "hashes": [
                "sha256:4b3d5c509ccb1528f158afe831d9d98c40efc852eee0d530c5fbe92e6b54cfdf",
                "sha256:dc162667eb0e66352cd1b6fc2c7a107649ff293cbc8f2a9fdee1a1c0ea3d9e13"
            ],
            "index": "pypi",
            "markers": "python_version >= '3.10'",
            "version": "==5.1rc1"
        },
        "django-extensions": {
            "hashes": [
                "sha256:44d27919d04e23b3f40231c4ab7af4e61ce832ef46d610cc650d53e68328410a",
                "sha256:9600b7562f79a92cbf1fde6403c04fee314608fefbb595502e34383ae8203401"
            ],
            "index": "pypi",
            "markers": "python_version >= '3.6'",
            "version": "==3.2.3"
        },
        "graphviz": {
            "hashes": [
                "sha256:09d6bc81e6a9fa392e7ba52135a9d49f1ed62526f96499325930e87ca1b5925d",
                "sha256:81f848f2904515d8cd359cc611faba817598d2feaac4027b266aa3eda7b3dde5"
            ],
            "index": "pypi",
            "markers": "python_version >= '3.8'",
            "version": "==0.20.3"
        },
        "psycopg": {
            "extras": [
                "pool"
            ],
            "hashes": [
                "sha256:dc8da6dc8729dacacda3cc2f17d2c9397a70a66cf0d2b69c91065d60d5f00cb7",
                "sha256:ece385fb413a37db332f97c49208b36cf030ff02b199d7635ed2fbd378724175"
            ],
            "markers": "python_version >= '3.8'",
            "version": "==3.2.1"
        },
        "psycopg-pool": {
            "hashes": [
                "sha256:273081d0fbfaced4f35e69200c89cb8fbddfe277c38cc86c235b90a2ec2c8153",
                "sha256:9e22c370045f6d7f2666a5ad1b0caf345f9f1912195b0b25d0d3bcc4f3a7389c"
            ],
            "version": "==3.2.2"
        },
        "pydotplus": {
            "hashes": [
                "sha256:91e85e9ee9b85d2391ead7d635e3d9c7f5f44fd60a60e59b13e2403fa66505c4"
            ],
            "index": "pypi",
            "version": "==2.0.2"
        },
        "pygraphviz": {
            "hashes": [
                "sha256:6ad8aa2f26768830a5a1cfc8a14f022d13df170a8f6fdfd68fd1aa1267000964"
            ],
            "index": "pypi",
            "markers": "python_version >= '3.10'",
            "version": "==1.13"
        },
        "pyparsing": {
            "hashes": [
                "sha256:a1bac0ce561155ecc3ed78ca94d3c9378656ad4c94c1270de543f621420f94ad",
                "sha256:f9db75911801ed778fe61bb643079ff86601aca99fcae6345aa67292038fb742"
            ],
            "markers": "python_full_version >= '3.6.8'",
            "version": "==3.1.2"
        },
        "sqlparse": {
            "hashes": [
                "sha256:773dcbf9a5ab44a090f3441e2180efe2560220203dc2f8c0b0fa141e18b505e4",
                "sha256:bb6b4df465655ef332548e24f08e205afc81b9ab86cb1c45657a7ff173a3a00e"
            ],
            "markers": "python_version >= '3.8'",
            "version": "==0.5.1"
        },
        "typing-extensions": {
            "hashes": [
                "sha256:04e5ca0351e0f3f85c6853954072df659d0d13fac324d0072316b67d7794700d",
                "sha256:1a7ead55c7e559dd4dee8856e3a88b41225abfe1ce8df57b7c13915fe121ffb8"
            ],
            "markers": "python_version >= '3.8'",
            "version": "==4.12.2"
        }
    },
    "develop": {}
}
